
Microsoft Visual Studio Solution File, Format Version 12.00
# Visual Studio Version 17
VisualStudioVersion = 17.4.33103.184
MinimumVisualStudioVersion = 10.0.40219.1
Project("{FAE04EC0-301F-11D3-BF4B-00C04F79EFBC}") = "AssistantApi", "AssistantApi\AssistantApi.csproj", "{4D0499D4-03AF-4DDE-8B25-AF03E906EA74}"
EndProject
Global
	GlobalSection(SolutionConfigurationPlatforms) = preSolution
		Debug|Any CPU = Debug|Any CPU
		Release|Any CPU = Release|Any CPU
	EndGlobalSection
	GlobalSection(ProjectConfigurationPlatforms) = postSolution
		{4D0499D4-03AF-4DDE-8B25-AF03E906EA74}.Debug|Any CPU.ActiveCfg = Debug|Any CPU
		{4D0499D4-03AF-4DDE-8B25-AF03E906EA74}.Debug|Any CPU.Build.0 = Debug|Any CPU
		{4D0499D4-03AF-4DDE-8B25-AF03E906EA74}.Release|Any CPU.ActiveCfg = Release|Any CPU
		{4D0499D4-03AF-4DDE-8B25-AF03E906EA74}.Release|Any CPU.Build.0 = Release|Any CPU
	EndGlobalSection
	GlobalSection(SolutionProperties) = preSolution
		HideSolutionNode = FALSE
	EndGlobalSection
	GlobalSection(ExtensibilityGlobals) = postSolution
		SolutionGuid = {8170A53A-3ECD-41CF-AAC7-E34995FEBF0D}
	EndGlobalSection
EndGlobal
